
Microsoft Visual Studio Solution File, Format Version 12.00
# Visual Studio 2012
Project("{2150E333-8FDC-42A3-9474-1A3956D46DE8}") = "Libraries", "Libraries", "{35477F0C-4CFA-46ED-AE20-38150FA67D27}"
EndProject
Project("{2150E333-8FDC-42A3-9474-1A3956D46DE8}") = "Plugins", "Plugins", "{201F9CF3-7E21-41B9-B2B7-781193A5C636}"
EndProject
Project("{2150E333-8FDC-42A3-9474-1A3956D46DE8}") = "Presentation", "Presentation", "{473A46A8-23F2-4EC5-BDBB-D33DD763D1FE}"
EndProject
Project("{FAE04EC0-301F-11D3-BF4B-00C04F79EFBC}") = "Arch.Core", "Arch.Core\Arch.Core.csproj", "{F6DA0A08-C6D2-416A-BBEC-CD2BA0D98C41}"
EndProject
Project("{FAE04EC0-301F-11D3-BF4B-00C04F79EFBC}") = "Arch.Data", "Arch.Data\Arch.Data.csproj", "{CB8E3025-1FD3-46EC-9E1B-BD7910C50037}"
EndProject
Project("{FAE04EC0-301F-11D3-BF4B-00C04F79EFBC}") = "Arch.Dto", "Arch.Dto\Arch.Dto.csproj", "{FD6A2BC5-B082-4C05-BFD6-62B13069005C}"
EndProject
Project("{FAE04EC0-301F-11D3-BF4B-00C04F79EFBC}") = "Arch.Ioc", "Arch.Ioc\Arch.Ioc.csproj", "{77AD1AD9-5B18-4D6D-9626-8FF6E1C4395F}"
EndProject
Project("{FAE04EC0-301F-11D3-BF4B-00C04F79EFBC}") = "Arch.Utilities", "Arch.Utilities\Arch.Utilities.csproj", "{4F5031E4-CE2D-4C2C-9FED-5EA38E2740E7}"
EndProject
Project("{FAE04EC0-301F-11D3-BF4B-00C04F79EFBC}") = "Arch.Web", "Arch.Web\Arch.Web.csproj", "{CCFFB1C1-508A-4867-A82B-C77F060A03F2}"
EndProject
Project("{FAE04EC0-301F-11D3-BF4B-00C04F79EFBC}") = "Arch.WebApi", "Arch.WebApi\Arch.WebApi.csproj", "{DBF4052F-901A-4DFD-B288-59BC6372FFB2}"
EndProject
Project("{FAE04EC0-301F-11D3-BF4B-00C04F79EFBC}") = "Arch.Web.FrameWork", "Arch.Web.FrameWork\Arch.Web.FrameWork.csproj", "{B6DB8BF9-6820-4B10-937E-773C001DA158}"
EndProject
Project("{FAE04EC0-301F-11D3-BF4B-00C04F79EFBC}") = "Arch.SmartClient", "Arch.SmartClient\Arch.SmartClient.csproj", "{0A89D837-7FE3-40A2-8B4E-CFEA5F1F9FEB}"
EndProject
Global
	GlobalSection(SolutionConfigurationPlatforms) = preSolution
		Debug|Any CPU = Debug|Any CPU
		Release|Any CPU = Release|Any CPU
	EndGlobalSection
	GlobalSection(ProjectConfigurationPlatforms) = postSolution
		{F6DA0A08-C6D2-416A-BBEC-CD2BA0D98C41}.Debug|Any CPU.ActiveCfg = Debug|Any CPU
		{F6DA0A08-C6D2-416A-BBEC-CD2BA0D98C41}.Debug|Any CPU.Build.0 = Debug|Any CPU
		{F6DA0A08-C6D2-416A-BBEC-CD2BA0D98C41}.Release|Any CPU.ActiveCfg = Release|Any CPU
		{F6DA0A08-C6D2-416A-BBEC-CD2BA0D98C41}.Release|Any CPU.Build.0 = Release|Any CPU
		{CB8E3025-1FD3-46EC-9E1B-BD7910C50037}.Debug|Any CPU.ActiveCfg = Debug|Any CPU
		{CB8E3025-1FD3-46EC-9E1B-BD7910C50037}.Debug|Any CPU.Build.0 = Debug|Any CPU
		{CB8E3025-1FD3-46EC-9E1B-BD7910C50037}.Release|Any CPU.ActiveCfg = Release|Any CPU
		{CB8E3025-1FD3-46EC-9E1B-BD7910C50037}.Release|Any CPU.Build.0 = Release|Any CPU
		{FD6A2BC5-B082-4C05-BFD6-62B13069005C}.Debug|Any CPU.ActiveCfg = Debug|Any CPU
		{FD6A2BC5-B082-4C05-BFD6-62B13069005C}.Debug|Any CPU.Build.0 = Debug|Any CPU
		{FD6A2BC5-B082-4C05-BFD6-62B13069005C}.Release|Any CPU.ActiveCfg = Release|Any CPU
		{FD6A2BC5-B082-4C05-BFD6-62B13069005C}.Release|Any CPU.Build.0 = Release|Any CPU
		{77AD1AD9-5B18-4D6D-9626-8FF6E1C4395F}.Debug|Any CPU.ActiveCfg = Debug|Any CPU
		{77AD1AD9-5B18-4D6D-9626-8FF6E1C4395F}.Debug|Any CPU.Build.0 = Debug|Any CPU
		{77AD1AD9-5B18-4D6D-9626-8FF6E1C4395F}.Release|Any CPU.ActiveCfg = Release|Any CPU
		{77AD1AD9-5B18-4D6D-9626-8FF6E1C4395F}.Release|Any CPU.Build.0 = Release|Any CPU
		{4F5031E4-CE2D-4C2C-9FED-5EA38E2740E7}.Debug|Any CPU.ActiveCfg = Debug|Any CPU
		{4F5031E4-CE2D-4C2C-9FED-5EA38E2740E7}.Debug|Any CPU.Build.0 = Debug|Any CPU
		{4F5031E4-CE2D-4C2C-9FED-5EA38E2740E7}.Release|Any CPU.ActiveCfg = Release|Any CPU
		{4F5031E4-CE2D-4C2C-9FED-5EA38E2740E7}.Release|Any CPU.Build.0 = Release|Any CPU
		{CCFFB1C1-508A-4867-A82B-C77F060A03F2}.Debug|Any CPU.ActiveCfg = Debug|Any CPU
		{CCFFB1C1-508A-4867-A82B-C77F060A03F2}.Debug|Any CPU.Build.0 = Debug|Any CPU
		{CCFFB1C1-508A-4867-A82B-C77F060A03F2}.Release|Any CPU.ActiveCfg = Release|Any CPU
		{CCFFB1C1-508A-4867-A82B-C77F060A03F2}.Release|Any CPU.Build.0 = Release|Any CPU
		{DBF4052F-901A-4DFD-B288-59BC6372FFB2}.Debug|Any CPU.ActiveCfg = Debug|Any CPU
		{DBF4052F-901A-4DFD-B288-59BC6372FFB2}.Debug|Any CPU.Build.0 = Debug|Any CPU
		{DBF4052F-901A-4DFD-B288-59BC6372FFB2}.Release|Any CPU.ActiveCfg = Release|Any CPU
		{DBF4052F-901A-4DFD-B288-59BC6372FFB2}.Release|Any CPU.Build.0 = Release|Any CPU
		{B6DB8BF9-6820-4B10-937E-773C001DA158}.Debug|Any CPU.ActiveCfg = Debug|Any CPU
		{B6DB8BF9-6820-4B10-937E-773C001DA158}.Debug|Any CPU.Build.0 = Debug|Any CPU
		{B6DB8BF9-6820-4B10-937E-773C001DA158}.Release|Any CPU.ActiveCfg = Release|Any CPU
		{B6DB8BF9-6820-4B10-937E-773C001DA158}.Release|Any CPU.Build.0 = Release|Any CPU
		{0A89D837-7FE3-40A2-8B4E-CFEA5F1F9FEB}.Debug|Any CPU.ActiveCfg = Debug|Any CPU
		{0A89D837-7FE3-40A2-8B4E-CFEA5F1F9FEB}.Debug|Any CPU.Build.0 = Debug|Any CPU
		{0A89D837-7FE3-40A2-8B4E-CFEA5F1F9FEB}.Release|Any CPU.ActiveCfg = Release|Any CPU
		{0A89D837-7FE3-40A2-8B4E-CFEA5F1F9FEB}.Release|Any CPU.Build.0 = Release|Any CPU
	EndGlobalSection
	GlobalSection(SolutionProperties) = preSolution
		HideSolutionNode = FALSE
	EndGlobalSection
	GlobalSection(NestedProjects) = preSolution
		{F6DA0A08-C6D2-416A-BBEC-CD2BA0D98C41} = {35477F0C-4CFA-46ED-AE20-38150FA67D27}
		{CB8E3025-1FD3-46EC-9E1B-BD7910C50037} = {35477F0C-4CFA-46ED-AE20-38150FA67D27}
		{FD6A2BC5-B082-4C05-BFD6-62B13069005C} = {35477F0C-4CFA-46ED-AE20-38150FA67D27}
		{77AD1AD9-5B18-4D6D-9626-8FF6E1C4395F} = {35477F0C-4CFA-46ED-AE20-38150FA67D27}
		{4F5031E4-CE2D-4C2C-9FED-5EA38E2740E7} = {201F9CF3-7E21-41B9-B2B7-781193A5C636}
		{CCFFB1C1-508A-4867-A82B-C77F060A03F2} = {473A46A8-23F2-4EC5-BDBB-D33DD763D1FE}
		{DBF4052F-901A-4DFD-B288-59BC6372FFB2} = {473A46A8-23F2-4EC5-BDBB-D33DD763D1FE}
		{B6DB8BF9-6820-4B10-937E-773C001DA158} = {473A46A8-23F2-4EC5-BDBB-D33DD763D1FE}
		{0A89D837-7FE3-40A2-8B4E-CFEA5F1F9FEB} = {473A46A8-23F2-4EC5-BDBB-D33DD763D1FE}
	EndGlobalSection
EndGlobal
