
Microsoft Visual Studio Solution File, Format Version 12.00
# Visual Studio 15
VisualStudioVersion = 15.0.26228.9
MinimumVisualStudioVersion = 10.0.40219.1
Project("{FAE04EC0-301F-11D3-BF4B-00C04F79EFBC}") = "ThisSample", "ThisSample\ThisSample.csproj", "{CA34D00D-1213-4A1D-9152-EEAC360A7CD0}"
EndProject
Global
	GlobalSection(SolutionConfigurationPlatforms) = preSolution
		Debug|Any CPU = Debug|Any CPU
		Release|Any CPU = Release|Any CPU
	EndGlobalSection
	GlobalSection(ProjectConfigurationPlatforms) = postSolution
		{CA34D00D-1213-4A1D-9152-EEAC360A7CD0}.Debug|Any CPU.ActiveCfg = Debug|Any CPU
		{CA34D00D-1213-4A1D-9152-EEAC360A7CD0}.Debug|Any CPU.Build.0 = Debug|Any CPU
		{CA34D00D-1213-4A1D-9152-EEAC360A7CD0}.Release|Any CPU.ActiveCfg = Release|Any CPU
		{CA34D00D-1213-4A1D-9152-EEAC360A7CD0}.Release|Any CPU.Build.0 = Release|Any CPU
	EndGlobalSection
	GlobalSection(SolutionProperties) = preSolution
		HideSolutionNode = FALSE
	EndGlobalSection
EndGlobal
